
Microsoft Visual Studio Solution File, Format Version 12.00
# Visual Studio Version 16
VisualStudioVersion = 16.0.30002.166
MinimumVisualStudioVersion = 10.0.40219.1
Project("{FAE04EC0-301F-11D3-BF4B-00C04F79EFBC}") = "Calculator", "Calculator\Calculator.csproj", "{1436ABDA-E42D-4CAB-8A0E-9D7817D29346}"
EndProject
Project("{FAE04EC0-301F-11D3-BF4B-00C04F79EFBC}") = "CalculatorLib", "CalculatorLib\CalculatorLib.csproj", "{375905AC-8B5A-468D-B3AF-3C0B68BA5910}"
EndProject
Global
	GlobalSection(SolutionConfigurationPlatforms) = preSolution
		Debug|Any CPU = Debug|Any CPU
		Release|Any CPU = Release|Any CPU
	EndGlobalSection
	GlobalSection(ProjectConfigurationPlatforms) = postSolution
		{1436ABDA-E42D-4CAB-8A0E-9D7817D29346}.Debug|Any CPU.ActiveCfg = Debug|Any CPU
		{1436ABDA-E42D-4CAB-8A0E-9D7817D29346}.Debug|Any CPU.Build.0 = Debug|Any CPU
		{1436ABDA-E42D-4CAB-8A0E-9D7817D29346}.Release|Any CPU.ActiveCfg = Release|Any CPU
		{1436ABDA-E42D-4CAB-8A0E-9D7817D29346}.Release|Any CPU.Build.0 = Release|Any CPU
		{375905AC-8B5A-468D-B3AF-3C0B68BA5910}.Debug|Any CPU.ActiveCfg = Debug|Any CPU
		{375905AC-8B5A-468D-B3AF-3C0B68BA5910}.Debug|Any CPU.Build.0 = Debug|Any CPU
		{375905AC-8B5A-468D-B3AF-3C0B68BA5910}.Release|Any CPU.ActiveCfg = Release|Any CPU
		{375905AC-8B5A-468D-B3AF-3C0B68BA5910}.Release|Any CPU.Build.0 = Release|Any CPU
	EndGlobalSection
	GlobalSection(SolutionProperties) = preSolution
		HideSolutionNode = FALSE
	EndGlobalSection
	GlobalSection(ExtensibilityGlobals) = postSolution
		SolutionGuid = {82EC0077-8123-4A54-9738-4E62F794F150}
	EndGlobalSection
EndGlobal
